// !$*UTF8*$!
{
	archiveVersion = 1;
	classes = {
	};
	objectVersion = 48;
	objects = {

/* Begin PBXBuildFile section */
		2D65F17D209A118700B1E47A /* JSON.swift in Sources */ = {isa = PBXBuildFile; fileRef = 2D65F17C209A118700B1E47A /* JSON.swift */; };
		2D65F17F209A136D00B1E47A /* MarvelError.swift in Sources */ = {isa = PBXBuildFile; fileRef = 2D65F17E209A136D00B1E47A /* MarvelError.swift */; };
		2D65F181209A14DD00B1E47A /* Character+Mapping.swift in Sources */ = {isa = PBXBuildFile; fileRef = 2D65F180209A14DD00B1E47A /* Character+Mapping.swift */; };
		2DBA7E132094842C0056F3BD /* AppDelegate.swift in Sources */ = {isa = PBXBuildFile; fileRef = 2DBA7E122094842C0056F3BD /* AppDelegate.swift */; };
		2DBA7E152094842C0056F3BD /* ViewController.swift in Sources */ = {isa = PBXBuildFile; fileRef = 2DBA7E142094842C0056F3BD /* ViewController.swift */; };
		2DBA7E182094842C0056F3BD /* Main.storyboard in Resources */ = {isa = PBXBuildFile; fileRef = 2DBA7E162094842C0056F3BD /* Main.storyboard */; };
		2DBA7E1A2094842C0056F3BD /* Assets.xcassets in Resources */ = {isa = PBXBuildFile; fileRef = 2DBA7E192094842C0056F3BD /* Assets.xcassets */; };
		2DBA7E1D2094842C0056F3BD /* LaunchScreen.storyboard in Resources */ = {isa = PBXBuildFile; fileRef = 2DBA7E1B2094842C0056F3BD /* LaunchScreen.storyboard */; };
		2DBA7E282094842C0056F3BD /* MarvelTests.swift in Sources */ = {isa = PBXBuildFile; fileRef = 2DBA7E272094842C0056F3BD /* MarvelTests.swift */; };
		2DBA7E332094842C0056F3BD /* MarvelUITests.swift in Sources */ = {isa = PBXBuildFile; fileRef = 2DBA7E322094842C0056F3BD /* MarvelUITests.swift */; };
		2DBA7E4F2094F1C30056F3BD /* MarvelAPIService.swift in Sources */ = {isa = PBXBuildFile; fileRef = 2DBA7E4E2094F1C30056F3BD /* MarvelAPIService.swift */; };
		2DBA7E512094FCC70056F3BD /* MarvelNetworkHandler.swift in Sources */ = {isa = PBXBuildFile; fileRef = 2DBA7E502094FCC70056F3BD /* MarvelNetworkHandler.swift */; };
		2DBA7E532095A36B0056F3BD /* MVVMBinding.swift in Sources */ = {isa = PBXBuildFile; fileRef = 2DBA7E522095A36B0056F3BD /* MVVMBinding.swift */; };
		2DBA7E552095A58C0056F3BD /* MarvelCharactersViewModel.swift in Sources */ = {isa = PBXBuildFile; fileRef = 2DBA7E542095A58C0056F3BD /* MarvelCharactersViewModel.swift */; };
		2DBA7E582095A6D90056F3BD /* Character.swift in Sources */ = {isa = PBXBuildFile; fileRef = 2DBA7E572095A6D90056F3BD /* Character.swift */; };
		2DBA7E5B2095AC1A0056F3BD /* CharacterCollectionViewCell.swift in Sources */ = {isa = PBXBuildFile; fileRef = 2DBA7E5A2095AC1A0056F3BD /* CharacterCollectionViewCell.swift */; };
		2DBA7E7A2095B9630056F3BD /* UICollectionViewExtension.swift in Sources */ = {isa = PBXBuildFile; fileRef = 2DBA7E792095B9630056F3BD /* UICollectionViewExtension.swift */; };
		2DBA7E972098D5660056F3BD /* DictionaryUtility.swift in Sources */ = {isa = PBXBuildFile; fileRef = 2DBA7E962098D5660056F3BD /* DictionaryUtility.swift */; };
		330A47889B9784DF01352EBC /* Pods_MarvelUITests.framework in Frameworks */ = {isa = PBXBuildFile; fileRef = 85F555B2FF58DFAFA0D55665 /* Pods_MarvelUITests.framework */; };
		C58A94DBEF177CF538447D59 /* Pods_MarvelTests.framework in Frameworks */ = {isa = PBXBuildFile; fileRef = AFE467726B50B0D7C308DD8D /* Pods_MarvelTests.framework */; };
		D8560BDB29F14132CC66FE67 /* Pods_Marvel.framework in Frameworks */ = {isa = PBXBuildFile; fileRef = 9657F649CC4ECDE484E9D73D /* Pods_Marvel.framework */; };
/* End PBXBuildFile section */

/* Begin PBXContainerItemProxy section */
		2DBA7E242094842C0056F3BD /* PBXContainerItemProxy */ = {
			isa = PBXContainerItemProxy;
			containerPortal = 2DBA7E072094842C0056F3BD /* Project object */;
			proxyType = 1;
			remoteGlobalIDString = 2DBA7E0E2094842C0056F3BD;
			remoteInfo = Marvel;
		};
		2DBA7E2F2094842C0056F3BD /* PBXContainerItemProxy */ = {
			isa = PBXContainerItemProxy;
			containerPortal = 2DBA7E072094842C0056F3BD /* Project object */;
			proxyType = 1;
			remoteGlobalIDString = 2DBA7E0E2094842C0056F3BD;
			remoteInfo = Marvel;
		};
/* End PBXContainerItemProxy section */

/* Begin PBXFileReference section */
		0F5C5DB5B51C941E7BBB3607 /* Pods-MarvelTests.debug.xcconfig */ = {isa = PBXFileReference; includeInIndex = 1; lastKnownFileType = text.xcconfig; name = "Pods-MarvelTests.debug.xcconfig"; path = "Pods/Target Support Files/Pods-MarvelTests/Pods-MarvelTests.debug.xcconfig"; sourceTree = "<group>"; };
		1589BE682303CBDF94D63AC0 /* Pods-MarvelTests.release.xcconfig */ = {isa = PBXFileReference; includeInIndex = 1; lastKnownFileType = text.xcconfig; name = "Pods-MarvelTests.release.xcconfig"; path = "Pods/Target Support Files/Pods-MarvelTests/Pods-MarvelTests.release.xcconfig"; sourceTree = "<group>"; };
		20AEA52426756BBC8727D1AC /* Pods-MarvelUITests.release.xcconfig */ = {isa = PBXFileReference; includeInIndex = 1; lastKnownFileType = text.xcconfig; name = "Pods-MarvelUITests.release.xcconfig"; path = "Pods/Target Support Files/Pods-MarvelUITests/Pods-MarvelUITests.release.xcconfig"; sourceTree = "<group>"; };
		2D65F17C209A118700B1E47A /* JSON.swift */ = {isa = PBXFileReference; lastKnownFileType = sourcecode.swift; path = JSON.swift; sourceTree = "<group>"; };
		2D65F17E209A136D00B1E47A /* MarvelError.swift */ = {isa = PBXFileReference; lastKnownFileType = sourcecode.swift; path = MarvelError.swift; sourceTree = "<group>"; };
		2D65F180209A14DD00B1E47A /* Character+Mapping.swift */ = {isa = PBXFileReference; lastKnownFileType = sourcecode.swift; path = "Character+Mapping.swift"; sourceTree = "<group>"; };
		2DBA7E0F2094842C0056F3BD /* Marvel.app */ = {isa = PBXFileReference; explicitFileType = wrapper.application; includeInIndex = 0; path = Marvel.app; sourceTree = BUILT_PRODUCTS_DIR; };
		2DBA7E122094842C0056F3BD /* AppDelegate.swift */ = {isa = PBXFileReference; lastKnownFileType = sourcecode.swift; path = AppDelegate.swift; sourceTree = "<group>"; };
		2DBA7E142094842C0056F3BD /* ViewController.swift */ = {isa = PBXFileReference; lastKnownFileType = sourcecode.swift; path = ViewController.swift; sourceTree = "<group>"; };
		2DBA7E172094842C0056F3BD /* Base */ = {isa = PBXFileReference; lastKnownFileType = file.storyboard; name = Base; path = Base.lproj/Main.storyboard; sourceTree = "<group>"; };
		2DBA7E192094842C0056F3BD /* Assets.xcassets */ = {isa = PBXFileReference; lastKnownFileType = folder.assetcatalog; path = Assets.xcassets; sourceTree = "<group>"; };
		2DBA7E1C2094842C0056F3BD /* Base */ = {isa = PBXFileReference; lastKnownFileType = file.storyboard; name = Base; path = Base.lproj/LaunchScreen.storyboard; sourceTree = "<group>"; };
		2DBA7E1E2094842C0056F3BD /* Info.plist */ = {isa = PBXFileReference; lastKnownFileType = text.plist.xml; path = Info.plist; sourceTree = "<group>"; };
		2DBA7E232094842C0056F3BD /* MarvelTests.xctest */ = {isa = PBXFileReference; explicitFileType = wrapper.cfbundle; includeInIndex = 0; path = MarvelTests.xctest; sourceTree = BUILT_PRODUCTS_DIR; };
		2DBA7E272094842C0056F3BD /* MarvelTests.swift */ = {isa = PBXFileReference; lastKnownFileType = sourcecode.swift; path = MarvelTests.swift; sourceTree = "<group>"; };
		2DBA7E292094842C0056F3BD /* Info.plist */ = {isa = PBXFileReference; lastKnownFileType = text.plist.xml; path = Info.plist; sourceTree = "<group>"; };
		2DBA7E2E2094842C0056F3BD /* MarvelUITests.xctest */ = {isa = PBXFileReference; explicitFileType = wrapper.cfbundle; includeInIndex = 0; path = MarvelUITests.xctest; sourceTree = BUILT_PRODUCTS_DIR; };
		2DBA7E322094842C0056F3BD /* MarvelUITests.swift */ = {isa = PBXFileReference; lastKnownFileType = sourcecode.swift; path = MarvelUITests.swift; sourceTree = "<group>"; };
		2DBA7E342094842C0056F3BD /* Info.plist */ = {isa = PBXFileReference; lastKnownFileType = text.plist.xml; path = Info.plist; sourceTree = "<group>"; };
		2DBA7E4E2094F1C30056F3BD /* MarvelAPIService.swift */ = {isa = PBXFileReference; lastKnownFileType = sourcecode.swift; path = MarvelAPIService.swift; sourceTree = "<group>"; };
		2DBA7E502094FCC70056F3BD /* MarvelNetworkHandler.swift */ = {isa = PBXFileReference; lastKnownFileType = sourcecode.swift; path = MarvelNetworkHandler.swift; sourceTree = "<group>"; };
		2DBA7E522095A36B0056F3BD /* MVVMBinding.swift */ = {isa = PBXFileReference; lastKnownFileType = sourcecode.swift; path = MVVMBinding.swift; sourceTree = "<group>"; };
		2DBA7E542095A58C0056F3BD /* MarvelCharactersViewModel.swift */ = {isa = PBXFileReference; lastKnownFileType = sourcecode.swift; path = MarvelCharactersViewModel.swift; sourceTree = "<group>"; };
		2DBA7E572095A6D90056F3BD /* Character.swift */ = {isa = PBXFileReference; lastKnownFileType = sourcecode.swift; path = Character.swift; sourceTree = "<group>"; };
		2DBA7E5A2095AC1A0056F3BD /* CharacterCollectionViewCell.swift */ = {isa = PBXFileReference; lastKnownFileType = sourcecode.swift; path = CharacterCollectionViewCell.swift; sourceTree = "<group>"; };
		2DBA7E792095B9630056F3BD /* UICollectionViewExtension.swift */ = {isa = PBXFileReference; lastKnownFileType = sourcecode.swift; path = UICollectionViewExtension.swift; sourceTree = "<group>"; };
		2DBA7E962098D5660056F3BD /* DictionaryUtility.swift */ = {isa = PBXFileReference; lastKnownFileType = sourcecode.swift; path = DictionaryUtility.swift; sourceTree = "<group>"; };
		4A781A656D18F0080F03E7D7 /* Pods-Marvel.debug.xcconfig */ = {isa = PBXFileReference; includeInIndex = 1; lastKnownFileType = text.xcconfig; name = "Pods-Marvel.debug.xcconfig"; path = "Pods/Target Support Files/Pods-Marvel/Pods-Marvel.debug.xcconfig"; sourceTree = "<group>"; };
		711033E13E4A4BD94EE48E05 /* Pods-Marvel.release.xcconfig */ = {isa = PBXFileReference; includeInIndex = 1; lastKnownFileType = text.xcconfig; name = "Pods-Marvel.release.xcconfig"; path = "Pods/Target Support Files/Pods-Marvel/Pods-Marvel.release.xcconfig"; sourceTree = "<group>"; };
		85F555B2FF58DFAFA0D55665 /* Pods_MarvelUITests.framework */ = {isa = PBXFileReference; explicitFileType = wrapper.framework; includeInIndex = 0; path = Pods_MarvelUITests.framework; sourceTree = BUILT_PRODUCTS_DIR; };
		9657F649CC4ECDE484E9D73D /* Pods_Marvel.framework */ = {isa = PBXFileReference; explicitFileType = wrapper.framework; includeInIndex = 0; path = Pods_Marvel.framework; sourceTree = BUILT_PRODUCTS_DIR; };
		AFE467726B50B0D7C308DD8D /* Pods_MarvelTests.framework */ = {isa = PBXFileReference; explicitFileType = wrapper.framework; includeInIndex = 0; path = Pods_MarvelTests.framework; sourceTree = BUILT_PRODUCTS_DIR; };
		E6E9F2F9220870938CDD0A29 /* Pods-MarvelUITests.debug.xcconfig */ = {isa = PBXFileReference; includeInIndex = 1; lastKnownFileType = text.xcconfig; name = "Pods-MarvelUITests.debug.xcconfig"; path = "Pods/Target Support Files/Pods-MarvelUITests/Pods-MarvelUITests.debug.xcconfig"; sourceTree = "<group>"; };
/* End PBXFileReference section */

/* Begin PBXFrameworksBuildPhase section */
		2DBA7E0C2094842C0056F3BD /* Frameworks */ = {
			isa = PBXFrameworksBuildPhase;
			buildActionMask = 2147483647;
			files = (
				D8560BDB29F14132CC66FE67 /* Pods_Marvel.framework in Frameworks */,
			);
			runOnlyForDeploymentPostprocessing = 0;
		};
		2DBA7E202094842C0056F3BD /* Frameworks */ = {
			isa = PBXFrameworksBuildPhase;
			buildActionMask = 2147483647;
			files = (
				C58A94DBEF177CF538447D59 /* Pods_MarvelTests.framework in Frameworks */,
			);
			runOnlyForDeploymentPostprocessing = 0;
		};
		2DBA7E2B2094842C0056F3BD /* Frameworks */ = {
			isa = PBXFrameworksBuildPhase;
			buildActionMask = 2147483647;
			files = (
				330A47889B9784DF01352EBC /* Pods_MarvelUITests.framework in Frameworks */,
			);
			runOnlyForDeploymentPostprocessing = 0;
		};
/* End PBXFrameworksBuildPhase section */

/* Begin PBXGroup section */
		17481D6F3FA3EEA1CE9B88B2 /* Frameworks */ = {
			isa = PBXGroup;
			children = (
				9657F649CC4ECDE484E9D73D /* Pods_Marvel.framework */,
				AFE467726B50B0D7C308DD8D /* Pods_MarvelTests.framework */,
				85F555B2FF58DFAFA0D55665 /* Pods_MarvelUITests.framework */,
			);
			name = Frameworks;
			sourceTree = "<group>";
		};
		1910014BB5DF0D03E7250E68 /* Pods */ = {
			isa = PBXGroup;
			children = (
				4A781A656D18F0080F03E7D7 /* Pods-Marvel.debug.xcconfig */,
				711033E13E4A4BD94EE48E05 /* Pods-Marvel.release.xcconfig */,
				0F5C5DB5B51C941E7BBB3607 /* Pods-MarvelTests.debug.xcconfig */,
				1589BE682303CBDF94D63AC0 /* Pods-MarvelTests.release.xcconfig */,
				E6E9F2F9220870938CDD0A29 /* Pods-MarvelUITests.debug.xcconfig */,
				20AEA52426756BBC8727D1AC /* Pods-MarvelUITests.release.xcconfig */,
			);
			name = Pods;
			sourceTree = "<group>";
		};
		2D65F17B2099ED9600B1E47A /* Parser */ = {
			isa = PBXGroup;
			children = (
				2D65F17C209A118700B1E47A /* JSON.swift */,
				2D65F17E209A136D00B1E47A /* MarvelError.swift */,
			);
			path = Parser;
			sourceTree = "<group>";
		};
		2DBA7E062094842C0056F3BD = {
			isa = PBXGroup;
			children = (
				2DBA7E112094842C0056F3BD /* Marvel */,
				2DBA7E262094842C0056F3BD /* MarvelTests */,
				2DBA7E312094842C0056F3BD /* MarvelUITests */,
				2DBA7E102094842C0056F3BD /* Products */,
				1910014BB5DF0D03E7250E68 /* Pods */,
				17481D6F3FA3EEA1CE9B88B2 /* Frameworks */,
			);
			sourceTree = "<group>";
		};
		2DBA7E102094842C0056F3BD /* Products */ = {
			isa = PBXGroup;
			children = (
				2DBA7E0F2094842C0056F3BD /* Marvel.app */,
				2DBA7E232094842C0056F3BD /* MarvelTests.xctest */,
				2DBA7E2E2094842C0056F3BD /* MarvelUITests.xctest */,
			);
			name = Products;
			sourceTree = "<group>";
		};
		2DBA7E112094842C0056F3BD /* Marvel */ = {
			isa = PBXGroup;
			children = (
				2D65F17B2099ED9600B1E47A /* Parser */,
				2DBA7E7B2095B96E0056F3BD /* Extension */,
				2DBA7E592095ABF70056F3BD /* Cells */,
				2DBA7E562095A6C90056F3BD /* Model */,
				2DBA7E4B2094F0390056F3BD /* API Service */,
				2DBA7E122094842C0056F3BD /* AppDelegate.swift */,
				2DBA7E142094842C0056F3BD /* ViewController.swift */,
				2DBA7E162094842C0056F3BD /* Main.storyboard */,
				2DBA7E192094842C0056F3BD /* Assets.xcassets */,
				2DBA7E1B2094842C0056F3BD /* LaunchScreen.storyboard */,
				2DBA7E1E2094842C0056F3BD /* Info.plist */,
			);
			path = Marvel;
			sourceTree = "<group>";
		};
		2DBA7E262094842C0056F3BD /* MarvelTests */ = {
			isa = PBXGroup;
			children = (
				2DBA7E272094842C0056F3BD /* MarvelTests.swift */,
				2DBA7E292094842C0056F3BD /* Info.plist */,
			);
			path = MarvelTests;
			sourceTree = "<group>";
		};
		2DBA7E312094842C0056F3BD /* MarvelUITests */ = {
			isa = PBXGroup;
			children = (
				2DBA7E322094842C0056F3BD /* MarvelUITests.swift */,
				2DBA7E342094842C0056F3BD /* Info.plist */,
			);
			path = MarvelUITests;
			sourceTree = "<group>";
		};
		2DBA7E4B2094F0390056F3BD /* API Service */ = {
			isa = PBXGroup;
			children = (
				2DBA7E4E2094F1C30056F3BD /* MarvelAPIService.swift */,
				2DBA7E502094FCC70056F3BD /* MarvelNetworkHandler.swift */,
				2DBA7E522095A36B0056F3BD /* MVVMBinding.swift */,
				2DBA7E542095A58C0056F3BD /* MarvelCharactersViewModel.swift */,
			);
			path = "API Service";
			sourceTree = "<group>";
		};
		2DBA7E562095A6C90056F3BD /* Model */ = {
			isa = PBXGroup;
			children = (
				2DBA7E572095A6D90056F3BD /* Character.swift */,
				2D65F180209A14DD00B1E47A /* Character+Mapping.swift */,
			);
			path = Model;
			sourceTree = "<group>";
		};
		2DBA7E592095ABF70056F3BD /* Cells */ = {
			isa = PBXGroup;
			children = (
				2DBA7E5A2095AC1A0056F3BD /* CharacterCollectionViewCell.swift */,
			);
			path = Cells;
			sourceTree = "<group>";
		};
		2DBA7E7B2095B96E0056F3BD /* Extension */ = {
			isa = PBXGroup;
			children = (
				2DBA7E792095B9630056F3BD /* UICollectionViewExtension.swift */,
				2DBA7E962098D5660056F3BD /* DictionaryUtility.swift */,
			);
			path = Extension;
			sourceTree = "<group>";
		};
/* End PBXGroup section */

/* Begin PBXNativeTarget section */
		2DBA7E0E2094842C0056F3BD /* Marvel */ = {
			isa = PBXNativeTarget;
			buildConfigurationList = 2DBA7E372094842C0056F3BD /* Build configuration list for PBXNativeTarget "Marvel" */;
			buildPhases = (
				10208CC9BC7EF18F82515115 /* [CP] Check Pods Manifest.lock */,
				2DBA7E0B2094842C0056F3BD /* Sources */,
				2DBA7E0C2094842C0056F3BD /* Frameworks */,
				2DBA7E0D2094842C0056F3BD /* Resources */,
				6FB062E319A90C61308D7A6A /* [CP] Embed Pods Frameworks */,
				1CDB7CAD068DF90A1CE53178 /* [CP] Copy Pods Resources */,
			);
			buildRules = (
			);
			dependencies = (
			);
			name = Marvel;
			productName = Marvel;
			productReference = 2DBA7E0F2094842C0056F3BD /* Marvel.app */;
			productType = "com.apple.product-type.application";
		};
		2DBA7E222094842C0056F3BD /* MarvelTests */ = {
			isa = PBXNativeTarget;
			buildConfigurationList = 2DBA7E3A2094842C0056F3BD /* Build configuration list for PBXNativeTarget "MarvelTests" */;
			buildPhases = (
				0C048D98C752C35B09C56562 /* [CP] Check Pods Manifest.lock */,
				2DBA7E1F2094842C0056F3BD /* Sources */,
				2DBA7E202094842C0056F3BD /* Frameworks */,
				2DBA7E212094842C0056F3BD /* Resources */,
				C21BC12D3BD85867497D0A70 /* [CP] Embed Pods Frameworks */,
				921816E3A3939AF437B67054 /* [CP] Copy Pods Resources */,
			);
			buildRules = (
			);
			dependencies = (
				2DBA7E252094842C0056F3BD /* PBXTargetDependency */,
			);
			name = MarvelTests;
			productName = MarvelTests;
			productReference = 2DBA7E232094842C0056F3BD /* MarvelTests.xctest */;
			productType = "com.apple.product-type.bundle.unit-test";
		};
		2DBA7E2D2094842C0056F3BD /* MarvelUITests */ = {
			isa = PBXNativeTarget;
			buildConfigurationList = 2DBA7E3D2094842C0056F3BD /* Build configuration list for PBXNativeTarget "MarvelUITests" */;
			buildPhases = (
				19B65FB457D94A0F1F07D7F3 /* [CP] Check Pods Manifest.lock */,
				2DBA7E2A2094842C0056F3BD /* Sources */,
				2DBA7E2B2094842C0056F3BD /* Frameworks */,
				2DBA7E2C2094842C0056F3BD /* Resources */,
				4E60041CB9A49BF904246E8F /* [CP] Embed Pods Frameworks */,
				F9F4AC6FF50380213ABE4D98 /* [CP] Copy Pods Resources */,
			);
			buildRules = (
			);
			dependencies = (
				2DBA7E302094842C0056F3BD /* PBXTargetDependency */,
			);
			name = MarvelUITests;
			productName = MarvelUITests;
			productReference = 2DBA7E2E2094842C0056F3BD /* MarvelUITests.xctest */;
			productType = "com.apple.product-type.bundle.ui-testing";
		};
/* End PBXNativeTarget section */

/* Begin PBXProject section */
		2DBA7E072094842C0056F3BD /* Project object */ = {
			isa = PBXProject;
			attributes = {
				LastSwiftUpdateCheck = 0910;
				LastUpgradeCheck = 0910;
				ORGANIZATIONNAME = "Nidhi Goyal";
				TargetAttributes = {
					2DBA7E0E2094842C0056F3BD = {
						CreatedOnToolsVersion = 9.1;
						ProvisioningStyle = Automatic;
					};
					2DBA7E222094842C0056F3BD = {
						CreatedOnToolsVersion = 9.1;
						ProvisioningStyle = Automatic;
						TestTargetID = 2DBA7E0E2094842C0056F3BD;
					};
					2DBA7E2D2094842C0056F3BD = {
						CreatedOnToolsVersion = 9.1;
						ProvisioningStyle = Automatic;
						TestTargetID = 2DBA7E0E2094842C0056F3BD;
					};
				};
			};
			buildConfigurationList = 2DBA7E0A2094842C0056F3BD /* Build configuration list for PBXProject "Marvel" */;
			compatibilityVersion = "Xcode 8.0";
			developmentRegion = en;
			hasScannedForEncodings = 0;
			knownRegions = (
				en,
				Base,
			);
			mainGroup = 2DBA7E062094842C0056F3BD;
			productRefGroup = 2DBA7E102094842C0056F3BD /* Products */;
			projectDirPath = "";
			projectRoot = "";
			targets = (
				2DBA7E0E2094842C0056F3BD /* Marvel */,
				2DBA7E222094842C0056F3BD /* MarvelTests */,
				2DBA7E2D2094842C0056F3BD /* MarvelUITests */,
			);
		};
/* End PBXProject section */

/* Begin PBXResourcesBuildPhase section */
		2DBA7E0D2094842C0056F3BD /* Resources */ = {
			isa = PBXResourcesBuildPhase;
			buildActionMask = 2147483647;
			files = (
				2DBA7E1D2094842C0056F3BD /* LaunchScreen.storyboard in Resources */,
				2DBA7E1A2094842C0056F3BD /* Assets.xcassets in Resources */,
				2DBA7E182094842C0056F3BD /* Main.storyboard in Resources */,
			);
			runOnlyForDeploymentPostprocessing = 0;
		};
		2DBA7E212094842C0056F3BD /* Resources */ = {
			isa = PBXResourcesBuildPhase;
			buildActionMask = 2147483647;
			files = (
			);
			runOnlyForDeploymentPostprocessing = 0;
		};
		2DBA7E2C2094842C0056F3BD /* Resources */ = {
			isa = PBXResourcesBuildPhase;
			buildActionMask = 2147483647;
			files = (
			);
			runOnlyForDeploymentPostprocessing = 0;
		};
/* End PBXResourcesBuildPhase section */

/* Begin PBXShellScriptBuildPhase section */
		0C048D98C752C35B09C56562 /* [CP] Check Pods Manifest.lock */ = {
			isa = PBXShellScriptBuildPhase;
			buildActionMask = 2147483647;
			files = (
			);
			inputPaths = (
				"${PODS_PODFILE_DIR_PATH}/Podfile.lock",
				"${PODS_ROOT}/Manifest.lock",
			);
			name = "[CP] Check Pods Manifest.lock";
			outputPaths = (
				"$(DERIVED_FILE_DIR)/Pods-MarvelTests-checkManifestLockResult.txt",
			);
			runOnlyForDeploymentPostprocessing = 0;
			shellPath = /bin/sh;
			shellScript = "diff \"${PODS_PODFILE_DIR_PATH}/Podfile.lock\" \"${PODS_ROOT}/Manifest.lock\" > /dev/null\nif [ $? != 0 ] ; then\n    # print error to STDERR\n    echo \"error: The sandbox is not in sync with the Podfile.lock. Run 'pod install' or update your CocoaPods installation.\" >&2\n    exit 1\nfi\n# This output is used by Xcode 'outputs' to avoid re-running this script phase.\necho \"SUCCESS\" > \"${SCRIPT_OUTPUT_FILE_0}\"\n";
			showEnvVarsInLog = 0;
		};
		10208CC9BC7EF18F82515115 /* [CP] Check Pods Manifest.lock */ = {
			isa = PBXShellScriptBuildPhase;
			buildActionMask = 2147483647;
			files = (
			);
			inputPaths = (
				"${PODS_PODFILE_DIR_PATH}/Podfile.lock",
				"${PODS_ROOT}/Manifest.lock",
			);
			name = "[CP] Check Pods Manifest.lock";
			outputPaths = (
				"$(DERIVED_FILE_DIR)/Pods-Marvel-checkManifestLockResult.txt",
			);
			runOnlyForDeploymentPostprocessing = 0;
			shellPath = /bin/sh;
			shellScript = "diff \"${PODS_PODFILE_DIR_PATH}/Podfile.lock\" \"${PODS_ROOT}/Manifest.lock\" > /dev/null\nif [ $? != 0 ] ; then\n    # print error to STDERR\n    echo \"error: The sandbox is not in sync with the Podfile.lock. Run 'pod install' or update your CocoaPods installation.\" >&2\n    exit 1\nfi\n# This output is used by Xcode 'outputs' to avoid re-running this script phase.\necho \"SUCCESS\" > \"${SCRIPT_OUTPUT_FILE_0}\"\n";
			showEnvVarsInLog = 0;
		};
		19B65FB457D94A0F1F07D7F3 /* [CP] Check Pods Manifest.lock */ = {
			isa = PBXShellScriptBuildPhase;
			buildActionMask = 2147483647;
			files = (
			);
			inputPaths = (
				"${PODS_PODFILE_DIR_PATH}/Podfile.lock",
				"${PODS_ROOT}/Manifest.lock",
			);
			name = "[CP] Check Pods Manifest.lock";
			outputPaths = (
				"$(DERIVED_FILE_DIR)/Pods-MarvelUITests-checkManifestLockResult.txt",
			);
			runOnlyForDeploymentPostprocessing = 0;
			shellPath = /bin/sh;
			shellScript = "diff \"${PODS_PODFILE_DIR_PATH}/Podfile.lock\" \"${PODS_ROOT}/Manifest.lock\" > /dev/null\nif [ $? != 0 ] ; then\n    # print error to STDERR\n    echo \"error: The sandbox is not in sync with the Podfile.lock. Run 'pod install' or update your CocoaPods installation.\" >&2\n    exit 1\nfi\n# This output is used by Xcode 'outputs' to avoid re-running this script phase.\necho \"SUCCESS\" > \"${SCRIPT_OUTPUT_FILE_0}\"\n";
			showEnvVarsInLog = 0;
		};
		1CDB7CAD068DF90A1CE53178 /* [CP] Copy Pods Resources */ = {
			isa = PBXShellScriptBuildPhase;
			buildActionMask = 2147483647;
			files = (
			);
			inputPaths = (
			);
			name = "[CP] Copy Pods Resources";
			outputPaths = (
			);
			runOnlyForDeploymentPostprocessing = 0;
			shellPath = /bin/sh;
			shellScript = "\"${SRCROOT}/Pods/Target Support Files/Pods-Marvel/Pods-Marvel-resources.sh\"\n";
			showEnvVarsInLog = 0;
		};
		4E60041CB9A49BF904246E8F /* [CP] Embed Pods Frameworks */ = {
			isa = PBXShellScriptBuildPhase;
			buildActionMask = 2147483647;
			files = (
			);
			inputPaths = (
			);
			name = "[CP] Embed Pods Frameworks";
			outputPaths = (
			);
			runOnlyForDeploymentPostprocessing = 0;
			shellPath = /bin/sh;
			shellScript = "\"${SRCROOT}/Pods/Target Support Files/Pods-MarvelUITests/Pods-MarvelUITests-frameworks.sh\"\n";
			showEnvVarsInLog = 0;
		};
		6FB062E319A90C61308D7A6A /* [CP] Embed Pods Frameworks */ = {
			isa = PBXShellScriptBuildPhase;
			buildActionMask = 2147483647;
			files = (
			);
			inputPaths = (
				"${SRCROOT}/Pods/Target Support Files/Pods-Marvel/Pods-Marvel-frameworks.sh",
				"${BUILT_PRODUCTS_DIR}/Alamofire/Alamofire.framework",
				"${BUILT_PRODUCTS_DIR}/CryptoSwift/CryptoSwift.framework",
				"${BUILT_PRODUCTS_DIR}/Moya/Moya.framework",
				"${BUILT_PRODUCTS_DIR}/Result/Result.framework",
				"${BUILT_PRODUCTS_DIR}/RxSwift/RxSwift.framework",
			);
			name = "[CP] Embed Pods Frameworks";
			outputPaths = (
				"${TARGET_BUILD_DIR}/${FRAMEWORKS_FOLDER_PATH}/Alamofire.framework",
				"${TARGET_BUILD_DIR}/${FRAMEWORKS_FOLDER_PATH}/CryptoSwift.framework",
				"${TARGET_BUILD_DIR}/${FRAMEWORKS_FOLDER_PATH}/Moya.framework",
				"${TARGET_BUILD_DIR}/${FRAMEWORKS_FOLDER_PATH}/Result.framework",
				"${TARGET_BUILD_DIR}/${FRAMEWORKS_FOLDER_PATH}/RxSwift.framework",
			);
			runOnlyForDeploymentPostprocessing = 0;
			shellPath = /bin/sh;
			shellScript = "\"${SRCROOT}/Pods/Target Support Files/Pods-Marvel/Pods-Marvel-frameworks.sh\"\n";
			showEnvVarsInLog = 0;
		};
		921816E3A3939AF437B67054 /* [CP] Copy Pods Resources */ = {
			isa = PBXShellScriptBuildPhase;
			buildActionMask = 2147483647;
			files = (
			);
			inputPaths = (
			);
			name = "[CP] Copy Pods Resources";
			outputPaths = (
			);
			runOnlyForDeploymentPostprocessing = 0;
			shellPath = /bin/sh;
			shellScript = "\"${SRCROOT}/Pods/Target Support Files/Pods-MarvelTests/Pods-MarvelTests-resources.sh\"\n";
			showEnvVarsInLog = 0;
		};
		C21BC12D3BD85867497D0A70 /* [CP] Embed Pods Frameworks */ = {
			isa = PBXShellScriptBuildPhase;
			buildActionMask = 2147483647;
			files = (
			);
			inputPaths = (
			);
			name = "[CP] Embed Pods Frameworks";
			outputPaths = (
			);
			runOnlyForDeploymentPostprocessing = 0;
			shellPath = /bin/sh;
			shellScript = "\"${SRCROOT}/Pods/Target Support Files/Pods-MarvelTests/Pods-MarvelTests-frameworks.sh\"\n";
			showEnvVarsInLog = 0;
		};
		F9F4AC6FF50380213ABE4D98 /* [CP] Copy Pods Resources */ = {
			isa = PBXShellScriptBuildPhase;
			buildActionMask = 2147483647;
			files = (
			);
			inputPaths = (
			);
			name = "[CP] Copy Pods Resources";
			outputPaths = (
			);
			runOnlyForDeploymentPostprocessing = 0;
			shellPath = /bin/sh;
			shellScript = "\"${SRCROOT}/Pods/Target Support Files/Pods-MarvelUITests/Pods-MarvelUITests-resources.sh\"\n";
			showEnvVarsInLog = 0;
		};
/* End PBXShellScriptBuildPhase section */

/* Begin PBXSourcesBuildPhase section */
		2DBA7E0B2094842C0056F3BD /* Sources */ = {
			isa = PBXSourcesBuildPhase;
			buildActionMask = 2147483647;
			files = (
				2D65F181209A14DD00B1E47A /* Character+Mapping.swift in Sources */,
				2DBA7E5B2095AC1A0056F3BD /* CharacterCollectionViewCell.swift in Sources */,
				2D65F17D209A118700B1E47A /* JSON.swift in Sources */,
				2DBA7E512094FCC70056F3BD /* MarvelNetworkHandler.swift in Sources */,
				2DBA7E532095A36B0056F3BD /* MVVMBinding.swift in Sources */,
				2DBA7E582095A6D90056F3BD /* Character.swift in Sources */,
				2D65F17F209A136D00B1E47A /* MarvelError.swift in Sources */,
				2DBA7E7A2095B9630056F3BD /* UICollectionViewExtension.swift in Sources */,
				2DBA7E152094842C0056F3BD /* ViewController.swift in Sources */,
				2DBA7E972098D5660056F3BD /* DictionaryUtility.swift in Sources */,
				2DBA7E4F2094F1C30056F3BD /* MarvelAPIService.swift in Sources */,
				2DBA7E132094842C0056F3BD /* AppDelegate.swift in Sources */,
				2DBA7E552095A58C0056F3BD /* MarvelCharactersViewModel.swift in Sources */,
			);
			runOnlyForDeploymentPostprocessing = 0;
		};
		2DBA7E1F2094842C0056F3BD /* Sources */ = {
			isa = PBXSourcesBuildPhase;
			buildActionMask = 2147483647;
			files = (
				2DBA7E282094842C0056F3BD /* MarvelTests.swift in Sources */,
			);
			runOnlyForDeploymentPostprocessing = 0;
		};
		2DBA7E2A2094842C0056F3BD /* Sources */ = {
			isa = PBXSourcesBuildPhase;
			buildActionMask = 2147483647;
			files = (
				2DBA7E332094842C0056F3BD /* MarvelUITests.swift in Sources */,
			);
			runOnlyForDeploymentPostprocessing = 0;
		};
/* End PBXSourcesBuildPhase section */

/* Begin PBXTargetDependency section */
		2DBA7E252094842C0056F3BD /* PBXTargetDependency */ = {
			isa = PBXTargetDependency;
			target = 2DBA7E0E2094842C0056F3BD /* Marvel */;
			targetProxy = 2DBA7E242094842C0056F3BD /* PBXContainerItemProxy */;
		};
		2DBA7E302094842C0056F3BD /* PBXTargetDependency */ = {
			isa = PBXTargetDependency;
			target = 2DBA7E0E2094842C0056F3BD /* Marvel */;
			targetProxy = 2DBA7E2F2094842C0056F3BD /* PBXContainerItemProxy */;
		};
/* End PBXTargetDependency section */

/* Begin PBXVariantGroup section */
		2DBA7E162094842C0056F3BD /* Main.storyboard */ = {
			isa = PBXVariantGroup;
			children = (
				2DBA7E172094842C0056F3BD /* Base */,
			);
			name = Main.storyboard;
			sourceTree = "<group>";
		};
		2DBA7E1B2094842C0056F3BD /* LaunchScreen.storyboard */ = {
			isa = PBXVariantGroup;
			children = (
				2DBA7E1C2094842C0056F3BD /* Base */,
			);
			name = LaunchScreen.storyboard;
			sourceTree = "<group>";
		};
/* End PBXVariantGroup section */

/* Begin XCBuildConfiguration section */
		2DBA7E352094842C0056F3BD /* Debug */ = {
			isa = XCBuildConfiguration;
			buildSettings = {
				ALWAYS_SEARCH_USER_PATHS = NO;
				CLANG_ANALYZER_NONNULL = YES;
				CLANG_ANALYZER_NUMBER_OBJECT_CONVERSION = YES_AGGRESSIVE;
				CLANG_CXX_LANGUAGE_STANDARD = "gnu++14";
				CLANG_CXX_LIBRARY = "libc++";
				CLANG_ENABLE_MODULES = YES;
				CLANG_ENABLE_OBJC_ARC = YES;
				CLANG_WARN_BLOCK_CAPTURE_AUTORELEASING = YES;
				CLANG_WARN_BOOL_CONVERSION = YES;
				CLANG_WARN_COMMA = YES;
				CLANG_WARN_CONSTANT_CONVERSION = YES;
				CLANG_WARN_DIRECT_OBJC_ISA_USAGE = YES_ERROR;
				CLANG_WARN_DOCUMENTATION_COMMENTS = YES;
				CLANG_WARN_EMPTY_BODY = YES;
				CLANG_WARN_ENUM_CONVERSION = YES;
				CLANG_WARN_INFINITE_RECURSION = YES;
				CLANG_WARN_INT_CONVERSION = YES;
				CLANG_WARN_NON_LITERAL_NULL_CONVERSION = YES;
				CLANG_WARN_OBJC_LITERAL_CONVERSION = YES;
				CLANG_WARN_OBJC_ROOT_CLASS = YES_ERROR;
				CLANG_WARN_RANGE_LOOP_ANALYSIS = YES;
				CLANG_WARN_STRICT_PROTOTYPES = YES;
				CLANG_WARN_SUSPICIOUS_MOVE = YES;
				CLANG_WARN_UNGUARDED_AVAILABILITY = YES_AGGRESSIVE;
				CLANG_WARN_UNREACHABLE_CODE = YES;
				CLANG_WARN__DUPLICATE_METHOD_MATCH = YES;
				CODE_SIGN_IDENTITY = "iPhone Developer";
				COPY_PHASE_STRIP = NO;
				DEBUG_INFORMATION_FORMAT = dwarf;
				ENABLE_STRICT_OBJC_MSGSEND = YES;
				ENABLE_TESTABILITY = YES;
				GCC_C_LANGUAGE_STANDARD = gnu11;
				GCC_DYNAMIC_NO_PIC = NO;
				GCC_NO_COMMON_BLOCKS = YES;
				GCC_OPTIMIZATION_LEVEL = 0;
				GCC_PREPROCESSOR_DEFINITIONS = (
					"DEBUG=1",
					"$(inherited)",
				);
				GCC_WARN_64_TO_32_BIT_CONVERSION = YES;
				GCC_WARN_ABOUT_RETURN_TYPE = YES_ERROR;
				GCC_WARN_UNDECLARED_SELECTOR = YES;
				GCC_WARN_UNINITIALIZED_AUTOS = YES_AGGRESSIVE;
				GCC_WARN_UNUSED_FUNCTION = YES;
				GCC_WARN_UNUSED_VARIABLE = YES;
				IPHONEOS_DEPLOYMENT_TARGET = 11.1;
				MTL_ENABLE_DEBUG_INFO = YES;
				ONLY_ACTIVE_ARCH = YES;
				SDKROOT = iphoneos;
				SWIFT_ACTIVE_COMPILATION_CONDITIONS = DEBUG;
				SWIFT_OPTIMIZATION_LEVEL = "-Onone";
			};
			name = Debug;
		};
		2DBA7E362094842C0056F3BD /* Release */ = {
			isa = XCBuildConfiguration;
			buildSettings = {
				ALWAYS_SEARCH_USER_PATHS = NO;
				CLANG_ANALYZER_NONNULL = YES;
				CLANG_ANALYZER_NUMBER_OBJECT_CONVERSION = YES_AGGRESSIVE;
				CLANG_CXX_LANGUAGE_STANDARD = "gnu++14";
				CLANG_CXX_LIBRARY = "libc++";
				CLANG_ENABLE_MODULES = YES;
				CLANG_ENABLE_OBJC_ARC = YES;
				CLANG_WARN_BLOCK_CAPTURE_AUTORELEASING = YES;
				CLANG_WARN_BOOL_CONVERSION = YES;
				CLANG_WARN_COMMA = YES;
				CLANG_WARN_CONSTANT_CONVERSION = YES;
				CLANG_WARN_DIRECT_OBJC_ISA_USAGE = YES_ERROR;
				CLANG_WARN_DOCUMENTATION_COMMENTS = YES;
				CLANG_WARN_EMPTY_BODY = YES;
				CLANG_WARN_ENUM_CONVERSION = YES;
				CLANG_WARN_INFINITE_RECURSION = YES;
				CLANG_WARN_INT_CONVERSION = YES;
				CLANG_WARN_NON_LITERAL_NULL_CONVERSION = YES;
				CLANG_WARN_OBJC_LITERAL_CONVERSION = YES;
				CLANG_WARN_OBJC_ROOT_CLASS = YES_ERROR;
				CLANG_WARN_RANGE_LOOP_ANALYSIS = YES;
				CLANG_WARN_STRICT_PROTOTYPES = YES;
				CLANG_WARN_SUSPICIOUS_MOVE = YES;
				CLANG_WARN_UNGUARDED_AVAILABILITY = YES_AGGRESSIVE;
				CLANG_WARN_UNREACHABLE_CODE = YES;
				CLANG_WARN__DUPLICATE_METHOD_MATCH = YES;
				CODE_SIGN_IDENTITY = "iPhone Developer";
				COPY_PHASE_STRIP = NO;
				DEBUG_INFORMATION_FORMAT = "dwarf-with-dsym";
				ENABLE_NS_ASSERTIONS = NO;
				ENABLE_STRICT_OBJC_MSGSEND = YES;
				GCC_C_LANGUAGE_STANDARD = gnu11;
				GCC_NO_COMMON_BLOCKS = YES;
				GCC_WARN_64_TO_32_BIT_CONVERSION = YES;
				GCC_WARN_ABOUT_RETURN_TYPE = YES_ERROR;
				GCC_WARN_UNDECLARED_SELECTOR = YES;
				GCC_WARN_UNINITIALIZED_AUTOS = YES_AGGRESSIVE;
				GCC_WARN_UNUSED_FUNCTION = YES;
				GCC_WARN_UNUSED_VARIABLE = YES;
				IPHONEOS_DEPLOYMENT_TARGET = 11.1;
				MTL_ENABLE_DEBUG_INFO = NO;
				SDKROOT = iphoneos;
				SWIFT_OPTIMIZATION_LEVEL = "-Owholemodule";
				VALIDATE_PRODUCT = YES;
			};
			name = Release;
		};
		2DBA7E382094842C0056F3BD /* Debug */ = {
			isa = XCBuildConfiguration;
			baseConfigurationReference = 4A781A656D18F0080F03E7D7 /* Pods-Marvel.debug.xcconfig */;
			buildSettings = {
				ASSETCATALOG_COMPILER_APPICON_NAME = AppIcon;
				CODE_SIGN_STYLE = Automatic;
				DEVELOPMENT_TEAM = FNV2UB2T8B;
				INFOPLIST_FILE = Marvel/Info.plist;
				LD_RUNPATH_SEARCH_PATHS = "$(inherited) @executable_path/Frameworks";
				PRODUCT_BUNDLE_IDENTIFIER = com.ng.Marvel;
				PRODUCT_NAME = "$(TARGET_NAME)";
				SWIFT_VERSION = 4.0;
				TARGETED_DEVICE_FAMILY = "1,2";
			};
			name = Debug;
		};
		2DBA7E392094842C0056F3BD /* Release */ = {
			isa = XCBuildConfiguration;
			baseConfigurationReference = 711033E13E4A4BD94EE48E05 /* Pods-Marvel.release.xcconfig */;
			buildSettings = {
				ASSETCATALOG_COMPILER_APPICON_NAME = AppIcon;
				CODE_SIGN_STYLE = Automatic;
				DEVELOPMENT_TEAM = FNV2UB2T8B;
				INFOPLIST_FILE = Marvel/Info.plist;
				LD_RUNPATH_SEARCH_PATHS = "$(inherited) @executable_path/Frameworks";
				PRODUCT_BUNDLE_IDENTIFIER = com.ng.Marvel;
				PRODUCT_NAME = "$(TARGET_NAME)";
				SWIFT_VERSION = 4.0;
				TARGETED_DEVICE_FAMILY = "1,2";
			};
			name = Release;
		};
		2DBA7E3B2094842C0056F3BD /* Debug */ = {
			isa = XCBuildConfiguration;
			baseConfigurationReference = 0F5C5DB5B51C941E7BBB3607 /* Pods-MarvelTests.debug.xcconfig */;
			buildSettings = {
				ALWAYS_EMBED_SWIFT_STANDARD_LIBRARIES = YES;
				BUNDLE_LOADER = "$(TEST_HOST)";
				CODE_SIGN_STYLE = Automatic;
				DEVELOPMENT_TEAM = FNV2UB2T8B;
				INFOPLIST_FILE = MarvelTests/Info.plist;
				LD_RUNPATH_SEARCH_PATHS = "$(inherited) @executable_path/Frameworks @loader_path/Frameworks";
				PRODUCT_BUNDLE_IDENTIFIER = com.ng.MarvelTests;
				PRODUCT_NAME = "$(TARGET_NAME)";
				SWIFT_VERSION = 4.0;
				TARGETED_DEVICE_FAMILY = "1,2";
				TEST_HOST = "$(BUILT_PRODUCTS_DIR)/Marvel.app/Marvel";
			};
			name = Debug;
		};
		2DBA7E3C2094842C0056F3BD /* Release */ = {
			isa = XCBuildConfiguration;
			baseConfigurationReference = 1589BE682303CBDF94D63AC0 /* Pods-MarvelTests.release.xcconfig */;
			buildSettings = {
				ALWAYS_EMBED_SWIFT_STANDARD_LIBRARIES = YES;
				BUNDLE_LOADER = "$(TEST_HOST)";
				CODE_SIGN_STYLE = Automatic;
				DEVELOPMENT_TEAM = FNV2UB2T8B;
				INFOPLIST_FILE = MarvelTests/Info.plist;
				LD_RUNPATH_SEARCH_PATHS = "$(inherited) @executable_path/Frameworks @loader_path/Frameworks";
				PRODUCT_BUNDLE_IDENTIFIER = com.ng.MarvelTests;
				PRODUCT_NAME = "$(TARGET_NAME)";
				SWIFT_VERSION = 4.0;
				TARGETED_DEVICE_FAMILY = "1,2";
				TEST_HOST = "$(BUILT_PRODUCTS_DIR)/Marvel.app/Marvel";
			};
			name = Release;
		};
		2DBA7E3E2094842C0056F3BD /* Debug */ = {
			isa = XCBuildConfiguration;
			baseConfigurationReference = E6E9F2F9220870938CDD0A29 /* Pods-MarvelUITests.debug.xcconfig */;
			buildSettings = {
				ALWAYS_EMBED_SWIFT_STANDARD_LIBRARIES = YES;
				CODE_SIGN_STYLE = Automatic;
				DEVELOPMENT_TEAM = FNV2UB2T8B;
				INFOPLIST_FILE = MarvelUITests/Info.plist;
				LD_RUNPATH_SEARCH_PATHS = "$(inherited) @executable_path/Frameworks @loader_path/Frameworks";
				PRODUCT_BUNDLE_IDENTIFIER = com.ng.MarvelUITests;
				PRODUCT_NAME = "$(TARGET_NAME)";
				SWIFT_VERSION = 4.0;
				TARGETED_DEVICE_FAMILY = "1,2";
				TEST_TARGET_NAME = Marvel;
			};
			name = Debug;
		};
		2DBA7E3F2094842C0056F3BD /* Release */ = {
			isa = XCBuildConfiguration;
			baseConfigurationReference = 20AEA52426756BBC8727D1AC /* Pods-MarvelUITests.release.xcconfig */;
			buildSettings = {
				ALWAYS_EMBED_SWIFT_STANDARD_LIBRARIES = YES;
				CODE_SIGN_STYLE = Automatic;
				DEVELOPMENT_TEAM = FNV2UB2T8B;
				INFOPLIST_FILE = MarvelUITests/Info.plist;
				LD_RUNPATH_SEARCH_PATHS = "$(inherited) @executable_path/Frameworks @loader_path/Frameworks";
				PRODUCT_BUNDLE_IDENTIFIER = com.ng.MarvelUITests;
				PRODUCT_NAME = "$(TARGET_NAME)";
				SWIFT_VERSION = 4.0;
				TARGETED_DEVICE_FAMILY = "1,2";
				TEST_TARGET_NAME = Marvel;
			};
			name = Release;
		};
/* End XCBuildConfiguration section */

/* Begin XCConfigurationList section */
		2DBA7E0A2094842C0056F3BD /* Build configuration list for PBXProject "Marvel" */ = {
			isa = XCConfigurationList;
			buildConfigurations = (
				2DBA7E352094842C0056F3BD /* Debug */,
				2DBA7E362094842C0056F3BD /* Release */,
			);
			defaultConfigurationIsVisible = 0;
			defaultConfigurationName = Release;
		};
		2DBA7E372094842C0056F3BD /* Build configuration list for PBXNativeTarget "Marvel" */ = {
			isa = XCConfigurationList;
			buildConfigurations = (
				2DBA7E382094842C0056F3BD /* Debug */,
				2DBA7E392094842C0056F3BD /* Release */,
			);
			defaultConfigurationIsVisible = 0;
			defaultConfigurationName = Release;
		};
		2DBA7E3A2094842C0056F3BD /* Build configuration list for PBXNativeTarget "MarvelTests" */ = {
			isa = XCConfigurationList;
			buildConfigurations = (
				2DBA7E3B2094842C0056F3BD /* Debug */,
				2DBA7E3C2094842C0056F3BD /* Release */,
			);
			defaultConfigurationIsVisible = 0;
			defaultConfigurationName = Release;
		};
		2DBA7E3D2094842C0056F3BD /* Build configuration list for PBXNativeTarget "MarvelUITests" */ = {
			isa = XCConfigurationList;
			buildConfigurations = (
				2DBA7E3E2094842C0056F3BD /* Debug */,
				2DBA7E3F2094842C0056F3BD /* Release */,
			);
			defaultConfigurationIsVisible = 0;
			defaultConfigurationName = Release;
		};
/* End XCConfigurationList section */
	};
	rootObject = 2DBA7E072094842C0056F3BD /* Project object */;
}
